
Microsoft Visual Studio Solution File, Format Version 12.00
# Visual Studio Version 16
VisualStudioVersion = 16.0.32106.194
MinimumVisualStudioVersion = 10.0.40219.1
Project("{FAE04EC0-301F-11D3-BF4B-00C04F79EFBC}") = "ConsoleApp9", "ConsoleApp9\ConsoleApp9.csproj", "{FE1262FA-864E-43D2-A20E-F67C03E405F4}"
EndProject
Global
	GlobalSection(SolutionConfigurationPlatforms) = preSolution
		Debug|Any CPU = Debug|Any CPU
		Release|Any CPU = Release|Any CPU
	EndGlobalSection
	GlobalSection(ProjectConfigurationPlatforms) = postSolution
		{FE1262FA-864E-43D2-A20E-F67C03E405F4}.Debug|Any CPU.ActiveCfg = Debug|Any CPU
		{FE1262FA-864E-43D2-A20E-F67C03E405F4}.Debug|Any CPU.Build.0 = Debug|Any CPU
		{FE1262FA-864E-43D2-A20E-F67C03E405F4}.Release|Any CPU.ActiveCfg = Release|Any CPU
		{FE1262FA-864E-43D2-A20E-F67C03E405F4}.Release|Any CPU.Build.0 = Release|Any CPU
	EndGlobalSection
	GlobalSection(SolutionProperties) = preSolution
		HideSolutionNode = FALSE
	EndGlobalSection
	GlobalSection(ExtensibilityGlobals) = postSolution
		SolutionGuid = {89617959-B815-478A-9993-3BCC0DA710C3}
	EndGlobalSection
EndGlobal
